
Microsoft Visual Studio Solution File, Format Version 12.00
# Visual Studio Version 17
VisualStudioVersion = 17.3.32825.248
MinimumVisualStudioVersion = 10.0.40219.1
Project("{8BC9CEB8-8B4A-11D0-8D11-00A0C91BC942}") = "algorithm", "algorithm\algorithm.vcxproj", "{616B2AFF-6D7A-4DE0-8CBD-070D451275F3}"
EndProject
Global
	GlobalSection(SolutionConfigurationPlatforms) = preSolution
		Debug|x64 = Debug|x64
		Debug|x86 = Debug|x86
		Release|x64 = Release|x64
		Release|x86 = Release|x86
	EndGlobalSection
	GlobalSection(ProjectConfigurationPlatforms) = postSolution
		{616B2AFF-6D7A-4DE0-8CBD-070D451275F3}.Debug|x64.ActiveCfg = Debug|x64
		{616B2AFF-6D7A-4DE0-8CBD-070D451275F3}.Debug|x64.Build.0 = Debug|x64
		{616B2AFF-6D7A-4DE0-8CBD-070D451275F3}.Debug|x86.ActiveCfg = Debug|Win32
		{616B2AFF-6D7A-4DE0-8CBD-070D451275F3}.Debug|x86.Build.0 = Debug|Win32
		{616B2AFF-6D7A-4DE0-8CBD-070D451275F3}.Release|x64.ActiveCfg = Release|x64
		{616B2AFF-6D7A-4DE0-8CBD-070D451275F3}.Release|x64.Build.0 = Release|x64
		{616B2AFF-6D7A-4DE0-8CBD-070D451275F3}.Release|x86.ActiveCfg = Release|Win32
		{616B2AFF-6D7A-4DE0-8CBD-070D451275F3}.Release|x86.Build.0 = Release|Win32
	EndGlobalSection
	GlobalSection(SolutionProperties) = preSolution
		HideSolutionNode = FALSE
	EndGlobalSection
	GlobalSection(ExtensibilityGlobals) = postSolution
		SolutionGuid = {1862C59E-663A-480F-8913-E5F12BF605E2}
	EndGlobalSection
EndGlobal
